
Microsoft Visual Studio Solution File, Format Version 12.00
# Visual Studio Version 16
VisualStudioVersion = 16.0.29709.97
MinimumVisualStudioVersion = 10.0.40219.1
Project("{FAE04EC0-301F-11D3-BF4B-00C04F79EFBC}") = "WindowsFormsApp3", "WindowsFormsApp3\WindowsFormsApp3.csproj", "{56589AD7-C4E1-4732-B804-2AB13499ADC3}"
EndProject
Global
	GlobalSection(SolutionConfigurationPlatforms) = preSolution
		Debug|Any CPU = Debug|Any CPU
		Release|Any CPU = Release|Any CPU
	EndGlobalSection
	GlobalSection(ProjectConfigurationPlatforms) = postSolution
		{56589AD7-C4E1-4732-B804-2AB13499ADC3}.Debug|Any CPU.ActiveCfg = Debug|Any CPU
		{56589AD7-C4E1-4732-B804-2AB13499ADC3}.Debug|Any CPU.Build.0 = Debug|Any CPU
		{56589AD7-C4E1-4732-B804-2AB13499ADC3}.Release|Any CPU.ActiveCfg = Release|Any CPU
		{56589AD7-C4E1-4732-B804-2AB13499ADC3}.Release|Any CPU.Build.0 = Release|Any CPU
	EndGlobalSection
	GlobalSection(SolutionProperties) = preSolution
		HideSolutionNode = FALSE
	EndGlobalSection
	GlobalSection(ExtensibilityGlobals) = postSolution
		SolutionGuid = {89E9FDA9-95C9-4843-A374-532F3557E050}
	EndGlobalSection
EndGlobal
